// !$*UTF8*$!
{
	archiveVersion = 1;
	classes = {
	};
	objectVersion = 46;
	objects = {

/* Begin PBXBuildFile section */
		2236A9211B82E021003E2155 /* main.m in Sources */ = {isa = PBXBuildFile; fileRef = 2236A9201B82E021003E2155 /* main.m */; };
		2236A9241B82E021003E2155 /* AppDelegate.m in Sources */ = {isa = PBXBuildFile; fileRef = 2236A9231B82E021003E2155 /* AppDelegate.m */; };
		2236A9271B82E021003E2155 /* ViewController.m in Sources */ = {isa = PBXBuildFile; fileRef = 2236A9261B82E021003E2155 /* ViewController.m */; };
		2236A92A1B82E021003E2155 /* Main.storyboard in Resources */ = {isa = PBXBuildFile; fileRef = 2236A9281B82E021003E2155 /* Main.storyboard */; };
		2236A92C1B82E021003E2155 /* Images.xcassets in Resources */ = {isa = PBXBuildFile; fileRef = 2236A92B1B82E021003E2155 /* Images.xcassets */; };
		2236A92F1B82E021003E2155 /* LaunchScreen.xib in Resources */ = {isa = PBXBuildFile; fileRef = 2236A92D1B82E021003E2155 /* LaunchScreen.xib */; };
		2236A93B1B82E021003E2155 /* donghuaTests.m in Sources */ = {isa = PBXBuildFile; fileRef = 2236A93A1B82E021003E2155 /* donghuaTests.m */; };
/* End PBXBuildFile section */

/* Begin PBXContainerItemProxy section */
		2236A9351B82E021003E2155 /* PBXContainerItemProxy */ = {
			isa = PBXContainerItemProxy;
			containerPortal = 2236A9131B82E021003E2155 /* Project object */;
			proxyType = 1;
			remoteGlobalIDString = 2236A91A1B82E021003E2155;
			remoteInfo = donghua;
		};
/* End PBXContainerItemProxy section */

/* Begin PBXFileReference section */
		2236A91B1B82E021003E2155 /* donghua.app */ = {isa = PBXFileReference; explicitFileType = wrapper.application; includeInIndex = 0; path = donghua.app; sourceTree = BUILT_PRODUCTS_DIR; };
		2236A91F1B82E021003E2155 /* Info.plist */ = {isa = PBXFileReference; lastKnownFileType = text.plist.xml; path = Info.plist; sourceTree = "<group>"; };
		2236A9201B82E021003E2155 /* main.m */ = {isa = PBXFileReference; lastKnownFileType = sourcecode.c.objc; path = main.m; sourceTree = "<group>"; };
		2236A9221B82E021003E2155 /* AppDelegate.h */ = {isa = PBXFileReference; lastKnownFileType = sourcecode.c.h; path = AppDelegate.h; sourceTree = "<group>"; };
		2236A9231B82E021003E2155 /* AppDelegate.m */ = {isa = PBXFileReference; lastKnownFileType = sourcecode.c.objc; path = AppDelegate.m; sourceTree = "<group>"; };
		2236A9251B82E021003E2155 /* ViewController.h */ = {isa = PBXFileReference; lastKnownFileType = sourcecode.c.h; path = ViewController.h; sourceTree = "<group>"; };
		2236A9261B82E021003E2155 /* ViewController.m */ = {isa = PBXFileReference; lastKnownFileType = sourcecode.c.objc; path = ViewController.m; sourceTree = "<group>"; };
		2236A9291B82E021003E2155 /* Base */ = {isa = PBXFileReference; lastKnownFileType = file.storyboard; name = Base; path = Base.lproj/Main.storyboard; sourceTree = "<group>"; };
		2236A92B1B82E021003E2155 /* Images.xcassets */ = {isa = PBXFileReference; lastKnownFileType = folder.assetcatalog; path = Images.xcassets; sourceTree = "<group>"; };
		2236A92E1B82E021003E2155 /* Base */ = {isa = PBXFileReference; lastKnownFileType = file.xib; name = Base; path = Base.lproj/LaunchScreen.xib; sourceTree = "<group>"; };
		2236A9341B82E021003E2155 /* donghuaTests.xctest */ = {isa = PBXFileReference; explicitFileType = wrapper.cfbundle; includeInIndex = 0; path = donghuaTests.xctest; sourceTree = BUILT_PRODUCTS_DIR; };
		2236A9391B82E021003E2155 /* Info.plist */ = {isa = PBXFileReference; lastKnownFileType = text.plist.xml; path = Info.plist; sourceTree = "<group>"; };
		2236A93A1B82E021003E2155 /* donghuaTests.m */ = {isa = PBXFileReference; lastKnownFileType = sourcecode.c.objc; path = donghuaTests.m; sourceTree = "<group>"; };
/* End PBXFileReference section */

/* Begin PBXFrameworksBuildPhase section */
		2236A9181B82E021003E2155 /* Frameworks */ = {
			isa = PBXFrameworksBuildPhase;
			buildActionMask = 2147483647;
			files = (
			);
			runOnlyForDeploymentPostprocessing = 0;
		};
		2236A9311B82E021003E2155 /* Frameworks */ = {
			isa = PBXFrameworksBuildPhase;
			buildActionMask = 2147483647;
			files = (
			);
			runOnlyForDeploymentPostprocessing = 0;
		};
/* End PBXFrameworksBuildPhase section */

/* Begin PBXGroup section */
		2236A9121B82E021003E2155 = {
			isa = PBXGroup;
			children = (
				2236A91D1B82E021003E2155 /* donghua */,
				2236A9371B82E021003E2155 /* donghuaTests */,
				2236A91C1B82E021003E2155 /* Products */,
			);
			sourceTree = "<group>";
		};
		2236A91C1B82E021003E2155 /* Products */ = {
			isa = PBXGroup;
			children = (
				2236A91B1B82E021003E2155 /* donghua.app */,
				2236A9341B82E021003E2155 /* donghuaTests.xctest */,
			);
			name = Products;
			sourceTree = "<group>";
		};
		2236A91D1B82E021003E2155 /* donghua */ = {
			isa = PBXGroup;
			children = (
				2236A9221B82E021003E2155 /* AppDelegate.h */,
				2236A9231B82E021003E2155 /* AppDelegate.m */,
				2236A9251B82E021003E2155 /* ViewController.h */,
				2236A9261B82E021003E2155 /* ViewController.m */,
				2236A9281B82E021003E2155 /* Main.storyboard */,
				2236A92B1B82E021003E2155 /* Images.xcassets */,
				2236A92D1B82E021003E2155 /* LaunchScreen.xib */,
				2236A91E1B82E021003E2155 /* Supporting Files */,
			);
			path = donghua;
			sourceTree = "<group>";
		};
		2236A91E1B82E021003E2155 /* Supporting Files */ = {
			isa = PBXGroup;
			children = (
				2236A91F1B82E021003E2155 /* Info.plist */,
				2236A9201B82E021003E2155 /* main.m */,
			);
			name = "Supporting Files";
			sourceTree = "<group>";
		};
		2236A9371B82E021003E2155 /* donghuaTests */ = {
			isa = PBXGroup;
			children = (
				2236A93A1B82E021003E2155 /* donghuaTests.m */,
				2236A9381B82E021003E2155 /* Supporting Files */,
			);
			path = donghuaTests;
			sourceTree = "<group>";
		};
		2236A9381B82E021003E2155 /* Supporting Files */ = {
			isa = PBXGroup;
			children = (
				2236A9391B82E021003E2155 /* Info.plist */,
			);
			name = "Supporting Files";
			sourceTree = "<group>";
		};
/* End PBXGroup section */

/* Begin PBXNativeTarget section */
		2236A91A1B82E021003E2155 /* donghua */ = {
			isa = PBXNativeTarget;
			buildConfigurationList = 2236A93E1B82E021003E2155 /* Build configuration list for PBXNativeTarget "donghua" */;
			buildPhases = (
				2236A9171B82E021003E2155 /* Sources */,
				2236A9181B82E021003E2155 /* Frameworks */,
				2236A9191B82E021003E2155 /* Resources */,
			);
			buildRules = (
			);
			dependencies = (
			);
			name = donghua;
			productName = donghua;
			productReference = 2236A91B1B82E021003E2155 /* donghua.app */;
			productType = "com.apple.product-type.application";
		};
		2236A9331B82E021003E2155 /* donghuaTests */ = {
			isa = PBXNativeTarget;
			buildConfigurationList = 2236A9411B82E021003E2155 /* Build configuration list for PBXNativeTarget "donghuaTests" */;
			buildPhases = (
				2236A9301B82E021003E2155 /* Sources */,
				2236A9311B82E021003E2155 /* Frameworks */,
				2236A9321B82E021003E2155 /* Resources */,
			);
			buildRules = (
			);
			dependencies = (
				2236A9361B82E021003E2155 /* PBXTargetDependency */,
			);
			name = donghuaTests;
			productName = donghuaTests;
			productReference = 2236A9341B82E021003E2155 /* donghuaTests.xctest */;
			productType = "com.apple.product-type.bundle.unit-test";
		};
/* End PBXNativeTarget section */

/* Begin PBXProject section */
		2236A9131B82E021003E2155 /* Project object */ = {
			isa = PBXProject;
			attributes = {
				LastUpgradeCheck = 0640;
				ORGANIZATIONNAME = YYC;
				TargetAttributes = {
					2236A91A1B82E021003E2155 = {
						CreatedOnToolsVersion = 6.4;
					};
					2236A9331B82E021003E2155 = {
						CreatedOnToolsVersion = 6.4;
						TestTargetID = 2236A91A1B82E021003E2155;
					};
				};
			};
			buildConfigurationList = 2236A9161B82E021003E2155 /* Build configuration list for PBXProject "donghua" */;
			compatibilityVersion = "Xcode 3.2";
			developmentRegion = English;
			hasScannedForEncodings = 0;
			knownRegions = (
				en,
				Base,
			);
			mainGroup = 2236A9121B82E021003E2155;
			productRefGroup = 2236A91C1B82E021003E2155 /* Products */;
			projectDirPath = "";
			projectRoot = "";
			targets = (
				2236A91A1B82E021003E2155 /* donghua */,
				2236A9331B82E021003E2155 /* donghuaTests */,
			);
		};
/* End PBXProject section */

/* Begin PBXResourcesBuildPhase section */
		2236A9191B82E021003E2155 /* Resources */ = {
			isa = PBXResourcesBuildPhase;
			buildActionMask = 2147483647;
			files = (
				2236A92A1B82E021003E2155 /* Main.storyboard in Resources */,
				2236A92F1B82E021003E2155 /* LaunchScreen.xib in Resources */,
				2236A92C1B82E021003E2155 /* Images.xcassets in Resources */,
			);
			runOnlyForDeploymentPostprocessing = 0;
		};
		2236A9321B82E021003E2155 /* Resources */ = {
			isa = PBXResourcesBuildPhase;
			buildActionMask = 2147483647;
			files = (
			);
			runOnlyForDeploymentPostprocessing = 0;
		};
/* End PBXResourcesBuildPhase section */

/* Begin PBXSourcesBuildPhase section */
		2236A9171B82E021003E2155 /* Sources */ = {
			isa = PBXSourcesBuildPhase;
			buildActionMask = 2147483647;
			files = (
				2236A9271B82E021003E2155 /* ViewController.m in Sources */,
				2236A9241B82E021003E2155 /* AppDelegate.m in Sources */,
				2236A9211B82E021003E2155 /* main.m in Sources */,
			);
			runOnlyForDeploymentPostprocessing = 0;
		};
		2236A9301B82E021003E2155 /* Sources */ = {
			isa = PBXSourcesBuildPhase;
			buildActionMask = 2147483647;
			files = (
				2236A93B1B82E021003E2155 /* donghuaTests.m in Sources */,
			);
			runOnlyForDeploymentPostprocessing = 0;
		};
/* End PBXSourcesBuildPhase section */

/* Begin PBXTargetDependency section */
		2236A9361B82E021003E2155 /* PBXTargetDependency */ = {
			isa = PBXTargetDependency;
			target = 2236A91A1B82E021003E2155 /* donghua */;
			targetProxy = 2236A9351B82E021003E2155 /* PBXContainerItemProxy */;
		};
/* End PBXTargetDependency section */

/* Begin PBXVariantGroup section */
		2236A9281B82E021003E2155 /* Main.storyboard */ = {
			isa = PBXVariantGroup;
			children = (
				2236A9291B82E021003E2155 /* Base */,
			);
			name = Main.storyboard;
			sourceTree = "<group>";
		};
		2236A92D1B82E021003E2155 /* LaunchScreen.xib */ = {
			isa = PBXVariantGroup;
			children = (
				2236A92E1B82E021003E2155 /* Base */,
			);
			name = LaunchScreen.xib;
			sourceTree = "<group>";
		};
/* End PBXVariantGroup section */

/* Begin XCBuildConfiguration section */
		2236A93C1B82E021003E2155 /* Debug */ = {
			isa = XCBuildConfiguration;
			buildSettings = {
				ALWAYS_SEARCH_USER_PATHS = NO;
				CLANG_CXX_LANGUAGE_STANDARD = "gnu++0x";
				CLANG_CXX_LIBRARY = "libc++";
				CLANG_ENABLE_MODULES = YES;
				CLANG_ENABLE_OBJC_ARC = YES;
				CLANG_WARN_BOOL_CONVERSION = YES;
				CLANG_WARN_CONSTANT_CONVERSION = YES;
				CLANG_WARN_DIRECT_OBJC_ISA_USAGE = YES_ERROR;
				CLANG_WARN_EMPTY_BODY = YES;
				CLANG_WARN_ENUM_CONVERSION = YES;
				CLANG_WARN_INT_CONVERSION = YES;
				CLANG_WARN_OBJC_ROOT_CLASS = YES_ERROR;
				CLANG_WARN_UNREACHABLE_CODE = YES;
				CLANG_WARN__DUPLICATE_METHOD_MATCH = YES;
				"CODE_SIGN_IDENTITY[sdk=iphoneos*]" = "iPhone Developer";
				COPY_PHASE_STRIP = NO;
				DEBUG_INFORMATION_FORMAT = "dwarf-with-dsym";
				ENABLE_STRICT_OBJC_MSGSEND = YES;
				GCC_C_LANGUAGE_STANDARD = gnu99;
				GCC_DYNAMIC_NO_PIC = NO;
				GCC_NO_COMMON_BLOCKS = YES;
				GCC_OPTIMIZATION_LEVEL = 0;
				GCC_PREPROCESSOR_DEFINITIONS = (
					"DEBUG=1",
					"$(inherited)",
				);
				GCC_SYMBOLS_PRIVATE_EXTERN = NO;
				GCC_WARN_64_TO_32_BIT_CONVERSION = YES;
				GCC_WARN_ABOUT_RETURN_TYPE = YES_ERROR;
				GCC_WARN_UNDECLARED_SELECTOR = YES;
				GCC_WARN_UNINITIALIZED_AUTOS = YES_AGGRESSIVE;
				GCC_WARN_UNUSED_FUNCTION = YES;
				GCC_WARN_UNUSED_VARIABLE = YES;
				IPHONEOS_DEPLOYMENT_TARGET = 8.4;
				MTL_ENABLE_DEBUG_INFO = YES;
				ONLY_ACTIVE_ARCH = YES;
				SDKROOT = iphoneos;
			};
			name = Debug;
		};
		2236A93D1B82E021003E2155 /* Release */ = {
			isa = XCBuildConfiguration;
			buildSettings = {
				ALWAYS_SEARCH_USER_PATHS = NO;
				CLANG_CXX_LANGUAGE_STANDARD = "gnu++0x";
				CLANG_CXX_LIBRARY = "libc++";
				CLANG_ENABLE_MODULES = YES;
				CLANG_ENABLE_OBJC_ARC = YES;
				CLANG_WARN_BOOL_CONVERSION = YES;
				CLANG_WARN_CONSTANT_CONVERSION = YES;
				CLANG_WARN_DIRECT_OBJC_ISA_USAGE = YES_ERROR;
				CLANG_WARN_EMPTY_BODY = YES;
				CLANG_WARN_ENUM_CONVERSION = YES;
				CLANG_WARN_INT_CONVERSION = YES;
				CLANG_WARN_OBJC_ROOT_CLASS = YES_ERROR;
				CLANG_WARN_UNREACHABLE_CODE = YES;
				CLANG_WARN__DUPLICATE_METHOD_MATCH = YES;
				"CODE_SIGN_IDENTITY[sdk=iphoneos*]" = "iPhone Developer";
				COPY_PHASE_STRIP = NO;
				DEBUG_INFORMATION_FORMAT = "dwarf-with-dsym";
				ENABLE_NS_ASSERTIONS = NO;
				ENABLE_STRICT_OBJC_MSGSEND = YES;
				GCC_C_LANGUAGE_STANDARD = gnu99;
				GCC_NO_COMMON_BLOCKS = YES;
				GCC_WARN_64_TO_32_BIT_CONVERSION = YES;
				GCC_WARN_ABOUT_RETURN_TYPE = YES_ERROR;
				GCC_WARN_UNDECLARED_SELECTOR = YES;
				GCC_WARN_UNINITIALIZED_AUTOS = YES_AGGRESSIVE;
				GCC_WARN_UNUSED_FUNCTION = YES;
				GCC_WARN_UNUSED_VARIABLE = YES;
				IPHONEOS_DEPLOYMENT_TARGET = 8.4;
				MTL_ENABLE_DEBUG_INFO = NO;
				SDKROOT = iphoneos;
				VALIDATE_PRODUCT = YES;
			};
			name = Release;
		};
		2236A93F1B82E021003E2155 /* Debug */ = {
			isa = XCBuildConfiguration;
			buildSettings = {
				ASSETCATALOG_COMPILER_APPICON_NAME = AppIcon;
				INFOPLIST_FILE = donghua/Info.plist;
				LD_RUNPATH_SEARCH_PATHS = "$(inherited) @executable_path/Frameworks";
				PRODUCT_NAME = "$(TARGET_NAME)";
			};
			name = Debug;
		};
		2236A9401B82E021003E2155 /* Release */ = {
			isa = XCBuildConfiguration;
			buildSettings = {
				ASSETCATALOG_COMPILER_APPICON_NAME = AppIcon;
				INFOPLIST_FILE = donghua/Info.plist;
				LD_RUNPATH_SEARCH_PATHS = "$(inherited) @executable_path/Frameworks";
				PRODUCT_NAME = "$(TARGET_NAME)";
			};
			name = Release;
		};
		2236A9421B82E021003E2155 /* Debug */ = {
			isa = XCBuildConfiguration;
			buildSettings = {
				BUNDLE_LOADER = "$(TEST_HOST)";
				FRAMEWORK_SEARCH_PATHS = (
					"$(SDKROOT)/Developer/Library/Frameworks",
					"$(inherited)",
				);
				GCC_PREPROCESSOR_DEFINITIONS = (
					"DEBUG=1",
					"$(inherited)",
				);
				INFOPLIST_FILE = donghuaTests/Info.plist;
				LD_RUNPATH_SEARCH_PATHS = "$(inherited) @executable_path/Frameworks @loader_path/Frameworks";
				PRODUCT_NAME = "$(TARGET_NAME)";
				TEST_HOST = "$(BUILT_PRODUCTS_DIR)/donghua.app/donghua";
			};
			name = Debug;
		};
		2236A9431B82E021003E2155 /* Release */ = {
			isa = XCBuildConfiguration;
			buildSettings = {
				BUNDLE_LOADER = "$(TEST_HOST)";
				FRAMEWORK_SEARCH_PATHS = (
					"$(SDKROOT)/Developer/Library/Frameworks",
					"$(inherited)",
				);
				INFOPLIST_FILE = donghuaTests/Info.plist;
				LD_RUNPATH_SEARCH_PATHS = "$(inherited) @executable_path/Frameworks @loader_path/Frameworks";
				PRODUCT_NAME = "$(TARGET_NAME)";
				TEST_HOST = "$(BUILT_PRODUCTS_DIR)/donghua.app/donghua";
			};
			name = Release;
		};
/* End XCBuildConfiguration section */

/* Begin XCConfigurationList section */
		2236A9161B82E021003E2155 /* Build configuration list for PBXProject "donghua" */ = {
			isa = XCConfigurationList;
			buildConfigurations = (
				2236A93C1B82E021003E2155 /* Debug */,
				2236A93D1B82E021003E2155 /* Release */,
			);
			defaultConfigurationIsVisible = 0;
			defaultConfigurationName = Release;
		};
		2236A93E1B82E021003E2155 /* Build configuration list for PBXNativeTarget "donghua" */ = {
			isa = XCConfigurationList;
			buildConfigurations = (
				2236A93F1B82E021003E2155 /* Debug */,
				2236A9401B82E021003E2155 /* Release */,
			);
			defaultConfigurationIsVisible = 0;
		};
		2236A9411B82E021003E2155 /* Build configuration list for PBXNativeTarget "donghuaTests" */ = {
			isa = XCConfigurationList;
			buildConfigurations = (
				2236A9421B82E021003E2155 /* Debug */,
				2236A9431B82E021003E2155 /* Release */,
			);
			defaultConfigurationIsVisible = 0;
		};
/* End XCConfigurationList section */
	};
	rootObject = 2236A9131B82E021003E2155 /* Project object */;
}
